
Microsoft Visual Studio Solution File, Format Version 12.00
# Visual Studio Version 16
VisualStudioVersion = 16.0.31624.102
MinimumVisualStudioVersion = 10.0.40219.1
Project("{8BC9CEB8-8B4A-11D0-8D11-00A0C91BC942}") = "lab_5.1", "lab_5.1\lab_5.1.vcxproj", "{373ED956-B3E9-45C5-B24D-DDD707EB0E03}"
EndProject
Project("{8BC9CEB8-8B4A-11D0-8D11-00A0C91BC942}") = "UnitTest_5.1", "UnitTest_5.1\UnitTest_5.1.vcxproj", "{59F0E2AC-0A37-435B-88F9-97009A8641A5}"
EndProject
Global
	GlobalSection(SolutionConfigurationPlatforms) = preSolution
		Debug|x64 = Debug|x64
		Debug|x86 = Debug|x86
		Release|x64 = Release|x64
		Release|x86 = Release|x86
	EndGlobalSection
	GlobalSection(ProjectConfigurationPlatforms) = postSolution
		{373ED956-B3E9-45C5-B24D-DDD707EB0E03}.Debug|x64.ActiveCfg = Debug|x64
		{373ED956-B3E9-45C5-B24D-DDD707EB0E03}.Debug|x64.Build.0 = Debug|x64
		{373ED956-B3E9-45C5-B24D-DDD707EB0E03}.Debug|x86.ActiveCfg = Debug|Win32
		{373ED956-B3E9-45C5-B24D-DDD707EB0E03}.Debug|x86.Build.0 = Debug|Win32
		{373ED956-B3E9-45C5-B24D-DDD707EB0E03}.Release|x64.ActiveCfg = Release|x64
		{373ED956-B3E9-45C5-B24D-DDD707EB0E03}.Release|x64.Build.0 = Release|x64
		{373ED956-B3E9-45C5-B24D-DDD707EB0E03}.Release|x86.ActiveCfg = Release|Win32
		{373ED956-B3E9-45C5-B24D-DDD707EB0E03}.Release|x86.Build.0 = Release|Win32
		{59F0E2AC-0A37-435B-88F9-97009A8641A5}.Debug|x64.ActiveCfg = Debug|x64
		{59F0E2AC-0A37-435B-88F9-97009A8641A5}.Debug|x64.Build.0 = Debug|x64
		{59F0E2AC-0A37-435B-88F9-97009A8641A5}.Debug|x86.ActiveCfg = Debug|Win32
		{59F0E2AC-0A37-435B-88F9-97009A8641A5}.Debug|x86.Build.0 = Debug|Win32
		{59F0E2AC-0A37-435B-88F9-97009A8641A5}.Release|x64.ActiveCfg = Release|x64
		{59F0E2AC-0A37-435B-88F9-97009A8641A5}.Release|x64.Build.0 = Release|x64
		{59F0E2AC-0A37-435B-88F9-97009A8641A5}.Release|x86.ActiveCfg = Release|Win32
		{59F0E2AC-0A37-435B-88F9-97009A8641A5}.Release|x86.Build.0 = Release|Win32
	EndGlobalSection
	GlobalSection(SolutionProperties) = preSolution
		HideSolutionNode = FALSE
	EndGlobalSection
	GlobalSection(ExtensibilityGlobals) = postSolution
		SolutionGuid = {65BB9466-7242-4CBD-A91C-659C31309221}
	EndGlobalSection
EndGlobal
